{
  "name": "utility-factions",
  "version": "1.0.0",
  "lockfileVersion": 2,
  "requires": true,
  "packages": {
    "": {
      "name": "utility-factions",
      "version": "1.0.0",
      "license": "MIT",
      "dependencies": {
        "@random-tables/utility-senses": "^1.10.3"
      }
    },
    "node_modules/@random-tables/utility-senses": {
      "version": "1.10.3",
      "resolved": "https://registry.npmjs.org/@random-tables/utility-senses/-/utility-senses-1.10.3.tgz",
      "integrity": "sha512-QHmB49bhQN43YzwTBGrUCgExmmUrWGEG0OIOwoZuEZYKkeKEGnlbIPYWAoO4BT4iwcPG1XAtiDJRjqFoEpjC6w=="
    }
  },
  "dependencies": {
    "@random-tables/utility-senses": {
      "version": "1.10.3",
      "resolved": "https://registry.npmjs.org/@random-tables/utility-senses/-/utility-senses-1.10.3.tgz",
      "integrity": "sha512-QHmB49bhQN43YzwTBGrUCgExmmUrWGEG0OIOwoZuEZYKkeKEGnlbIPYWAoO4BT4iwcPG1XAtiDJRjqFoEpjC6w=="
    }
  }
}
